// !$*UTF8*$!
{
	archiveVersion = 1;
	classes = {
	};
	objectVersion = 50;
	objects = {

/* Begin PBXBuildFile section */
		923F7B582238F23F00AA100C /* Square.cpp in Sources */ = {isa = PBXBuildFile; fileRef = 923F7B482238F23E00AA100C /* Square.cpp */; };
		923F7B592238F23F00AA100C /* Window.cpp in Sources */ = {isa = PBXBuildFile; fileRef = 923F7B492238F23E00AA100C /* Window.cpp */; };
		923F7B5A2238F23F00AA100C /* GameBlock.cpp in Sources */ = {isa = PBXBuildFile; fileRef = 923F7B542238F23E00AA100C /* GameBlock.cpp */; };
		923F7B5C2238F23F00AA100C /* main.cpp in Sources */ = {isa = PBXBuildFile; fileRef = 923F7B562238F23E00AA100C /* main.cpp */; };
		923F7B5D2238F23F00AA100C /* Game.cpp in Sources */ = {isa = PBXBuildFile; fileRef = 923F7B572238F23E00AA100C /* Game.cpp */; };
/* End PBXBuildFile section */

/* Begin PBXCopyFilesBuildPhase section */
		923F7B302238F20900AA100C /* CopyFiles */ = {
			isa = PBXCopyFilesBuildPhase;
			buildActionMask = 2147483647;
			dstPath = /usr/share/man/man1/;
			dstSubfolderSpec = 0;
			files = (
			);
			runOnlyForDeploymentPostprocessing = 1;
		};
/* End PBXCopyFilesBuildPhase section */

/* Begin PBXFileReference section */
		923F7B322238F20900AA100C /* Tetris */ = {isa = PBXFileReference; explicitFileType = "compiled.mach-o.executable"; includeInIndex = 0; path = Tetris; sourceTree = BUILT_PRODUCTS_DIR; };
		923F7B3E2238F23E00AA100C /* final.png */ = {isa = PBXFileReference; lastKnownFileType = image.png; path = final.png; sourceTree = "<group>"; };
		923F7B3F2238F23E00AA100C /* SourceSansPro-Regular.ttf */ = {isa = PBXFileReference; lastKnownFileType = file; path = "SourceSansPro-Regular.ttf"; sourceTree = "<group>"; };
		923F7B402238F23E00AA100C /* ARIAL.TTF */ = {isa = PBXFileReference; lastKnownFileType = file; path = ARIAL.TTF; sourceTree = "<group>"; };
		923F7B412238F23E00AA100C /* bg1.png */ = {isa = PBXFileReference; lastKnownFileType = image.png; path = bg1.png; sourceTree = "<group>"; };
		923F7B422238F23E00AA100C /* bg3.png */ = {isa = PBXFileReference; lastKnownFileType = image.png; path = bg3.png; sourceTree = "<group>"; };
		923F7B432238F23E00AA100C /* bg2.png */ = {isa = PBXFileReference; lastKnownFileType = image.png; path = bg2.png; sourceTree = "<group>"; };
		923F7B442238F23E00AA100C /* background.bmp */ = {isa = PBXFileReference; lastKnownFileType = image.bmp; path = background.bmp; sourceTree = "<group>"; };
		923F7B452238F23E00AA100C /* square.png */ = {isa = PBXFileReference; lastKnownFileType = image.png; path = square.png; sourceTree = "<group>"; };
		923F7B472238F23E00AA100C /* LICENSE */ = {isa = PBXFileReference; fileEncoding = 4; lastKnownFileType = text; path = LICENSE; sourceTree = "<group>"; };
		923F7B482238F23E00AA100C /* Square.cpp */ = {isa = PBXFileReference; fileEncoding = 4; lastKnownFileType = sourcecode.cpp.cpp; path = Square.cpp; sourceTree = "<group>"; };
		923F7B492238F23E00AA100C /* Window.cpp */ = {isa = PBXFileReference; fileEncoding = 4; lastKnownFileType = sourcecode.cpp.cpp; path = Window.cpp; sourceTree = "<group>"; };
		923F7B4A2238F23E00AA100C /* GameBlock.h */ = {isa = PBXFileReference; fileEncoding = 4; lastKnownFileType = sourcecode.c.h; path = GameBlock.h; sourceTree = "<group>"; };
		923F7B4B2238F23E00AA100C /* Window.h */ = {isa = PBXFileReference; fileEncoding = 4; lastKnownFileType = sourcecode.c.h; path = Window.h; sourceTree = "<group>"; };
		923F7B4C2238F23E00AA100C /* Defines.h */ = {isa = PBXFileReference; fileEncoding = 4; lastKnownFileType = sourcecode.c.h; path = Defines.h; sourceTree = "<group>"; };
		923F7B4D2238F23E00AA100C /* Enums.h */ = {isa = PBXFileReference; fileEncoding = 4; lastKnownFileType = sourcecode.c.h; path = Enums.h; sourceTree = "<group>"; };
		923F7B4E2238F23E00AA100C /* README.md */ = {isa = PBXFileReference; fileEncoding = 4; lastKnownFileType = net.daringfireball.markdown; path = README.md; sourceTree = "<group>"; };
		923F7B512238F23E00AA100C /* Game.h */ = {isa = PBXFileReference; fileEncoding = 4; lastKnownFileType = sourcecode.c.h; path = Game.h; sourceTree = "<group>"; };
		923F7B532238F23E00AA100C /* Square.h */ = {isa = PBXFileReference; fileEncoding = 4; lastKnownFileType = sourcecode.c.h; path = Square.h; sourceTree = "<group>"; };
		923F7B542238F23E00AA100C /* GameBlock.cpp */ = {isa = PBXFileReference; fileEncoding = 4; lastKnownFileType = sourcecode.cpp.cpp; path = GameBlock.cpp; sourceTree = "<group>"; };
		923F7B562238F23E00AA100C /* main.cpp */ = {isa = PBXFileReference; fileEncoding = 4; lastKnownFileType = sourcecode.cpp.cpp; path = main.cpp; sourceTree = "<group>"; };
		923F7B572238F23E00AA100C /* Game.cpp */ = {isa = PBXFileReference; fileEncoding = 4; lastKnownFileType = sourcecode.cpp.cpp; path = Game.cpp; sourceTree = "<group>"; };
		923F7B602238F27300AA100C /* ReadMe.txt */ = {isa = PBXFileReference; fileEncoding = 4; lastKnownFileType = text; path = ReadMe.txt; sourceTree = "<group>"; };
		923F7B612238F27300AA100C /* License.txt */ = {isa = PBXFileReference; fileEncoding = 4; lastKnownFileType = text; path = License.txt; sourceTree = "<group>"; };
/* End PBXFileReference section */

/* Begin PBXFrameworksBuildPhase section */
		923F7B2F2238F20900AA100C /* Frameworks */ = {
			isa = PBXFrameworksBuildPhase;
			buildActionMask = 2147483647;
			files = (
			);
			runOnlyForDeploymentPostprocessing = 0;
		};
/* End PBXFrameworksBuildPhase section */

/* Begin PBXGroup section */
		923F7B292238F20900AA100C = {
			isa = PBXGroup;
			children = (
				923F7B5E2238F27300AA100C /* SDL */,
				923F7B342238F20900AA100C /* Tetris */,
				923F7B332238F20900AA100C /* Products */,
			);
			sourceTree = "<group>";
		};
		923F7B332238F20900AA100C /* Products */ = {
			isa = PBXGroup;
			children = (
				923F7B322238F20900AA100C /* Tetris */,
			);
			name = Products;
			sourceTree = "<group>";
		};
		923F7B342238F20900AA100C /* Tetris */ = {
			isa = PBXGroup;
			children = (
				923F7B3C2238F23E00AA100C /* Games-Tetris */,
			);
			path = Tetris;
			sourceTree = "<group>";
		};
		923F7B3C2238F23E00AA100C /* Games-Tetris */ = {
			isa = PBXGroup;
			children = (
				923F7B3D2238F23E00AA100C /* res */,
				923F7B472238F23E00AA100C /* LICENSE */,
				923F7B482238F23E00AA100C /* Square.cpp */,
				923F7B492238F23E00AA100C /* Window.cpp */,
				923F7B4A2238F23E00AA100C /* GameBlock.h */,
				923F7B4B2238F23E00AA100C /* Window.h */,
				923F7B4C2238F23E00AA100C /* Defines.h */,
				923F7B4D2238F23E00AA100C /* Enums.h */,
				923F7B4E2238F23E00AA100C /* README.md */,
				923F7B512238F23E00AA100C /* Game.h */,
				923F7B532238F23E00AA100C /* Square.h */,
				923F7B542238F23E00AA100C /* GameBlock.cpp */,
				923F7B562238F23E00AA100C /* main.cpp */,
				923F7B572238F23E00AA100C /* Game.cpp */,
			);
			name = "Games-Tetris";
			path = "../../Games-Tetris";
			sourceTree = "<group>";
		};
		923F7B3D2238F23E00AA100C /* res */ = {
			isa = PBXGroup;
			children = (
				923F7B3E2238F23E00AA100C /* final.png */,
				923F7B3F2238F23E00AA100C /* SourceSansPro-Regular.ttf */,
				923F7B402238F23E00AA100C /* ARIAL.TTF */,
				923F7B412238F23E00AA100C /* bg1.png */,
				923F7B422238F23E00AA100C /* bg3.png */,
				923F7B432238F23E00AA100C /* bg2.png */,
				923F7B442238F23E00AA100C /* background.bmp */,
				923F7B452238F23E00AA100C /* square.png */,
			);
			path = res;
			sourceTree = "<group>";
		};
		923F7B5E2238F27300AA100C /* SDL */ = {
			isa = PBXGroup;
			children = (
				923F7B602238F27300AA100C /* ReadMe.txt */,
				923F7B612238F27300AA100C /* License.txt */,
			);
			name = SDL;
			path = ../SDL;
			sourceTree = "<group>";
		};
/* End PBXGroup section */

/* Begin PBXNativeTarget section */
		923F7B312238F20900AA100C /* Tetris */ = {
			isa = PBXNativeTarget;
			buildConfigurationList = 923F7B392238F20900AA100C /* Build configuration list for PBXNativeTarget "Tetris" */;
			buildPhases = (
				923F7B2E2238F20900AA100C /* Sources */,
				923F7B2F2238F20900AA100C /* Frameworks */,
				923F7B302238F20900AA100C /* CopyFiles */,
			);
			buildRules = (
			);
			dependencies = (
			);
			name = Tetris;
			productName = Tetris;
			productReference = 923F7B322238F20900AA100C /* Tetris */;
			productType = "com.apple.product-type.tool";
		};
/* End PBXNativeTarget section */

/* Begin PBXProject section */
		923F7B2A2238F20900AA100C /* Project object */ = {
			isa = PBXProject;
			attributes = {
				LastUpgradeCheck = 1010;
				ORGANIZATIONNAME = AlexiChen;
				TargetAttributes = {
					923F7B312238F20900AA100C = {
						CreatedOnToolsVersion = 10.1;
					};
				};
			};
			buildConfigurationList = 923F7B2D2238F20900AA100C /* Build configuration list for PBXProject "Tetris" */;
			compatibilityVersion = "Xcode 9.3";
			developmentRegion = en;
			hasScannedForEncodings = 0;
			knownRegions = (
				en,
			);
			mainGroup = 923F7B292238F20900AA100C;
			productRefGroup = 923F7B332238F20900AA100C /* Products */;
			projectDirPath = "";
			projectRoot = "";
			targets = (
				923F7B312238F20900AA100C /* Tetris */,
			);
		};
/* End PBXProject section */

/* Begin PBXSourcesBuildPhase section */
		923F7B2E2238F20900AA100C /* Sources */ = {
			isa = PBXSourcesBuildPhase;
			buildActionMask = 2147483647;
			files = (
				923F7B582238F23F00AA100C /* Square.cpp in Sources */,
				923F7B592238F23F00AA100C /* Window.cpp in Sources */,
				923F7B5C2238F23F00AA100C /* main.cpp in Sources */,
				923F7B5A2238F23F00AA100C /* GameBlock.cpp in Sources */,
				923F7B5D2238F23F00AA100C /* Game.cpp in Sources */,
			);
			runOnlyForDeploymentPostprocessing = 0;
		};
/* End PBXSourcesBuildPhase section */

/* Begin XCBuildConfiguration section */
		923F7B372238F20900AA100C /* Debug */ = {
			isa = XCBuildConfiguration;
			buildSettings = {
				ALWAYS_SEARCH_USER_PATHS = NO;
				CLANG_ANALYZER_NONNULL = YES;
				CLANG_ANALYZER_NUMBER_OBJECT_CONVERSION = YES_AGGRESSIVE;
				CLANG_CXX_LANGUAGE_STANDARD = "gnu++14";
				CLANG_CXX_LIBRARY = "libc++";
				CLANG_ENABLE_MODULES = YES;
				CLANG_ENABLE_OBJC_ARC = YES;
				CLANG_ENABLE_OBJC_WEAK = YES;
				CLANG_WARN_BLOCK_CAPTURE_AUTORELEASING = YES;
				CLANG_WARN_BOOL_CONVERSION = YES;
				CLANG_WARN_COMMA = YES;
				CLANG_WARN_CONSTANT_CONVERSION = YES;
				CLANG_WARN_DEPRECATED_OBJC_IMPLEMENTATIONS = YES;
				CLANG_WARN_DIRECT_OBJC_ISA_USAGE = YES_ERROR;
				CLANG_WARN_DOCUMENTATION_COMMENTS = YES;
				CLANG_WARN_EMPTY_BODY = YES;
				CLANG_WARN_ENUM_CONVERSION = YES;
				CLANG_WARN_INFINITE_RECURSION = YES;
				CLANG_WARN_INT_CONVERSION = YES;
				CLANG_WARN_NON_LITERAL_NULL_CONVERSION = YES;
				CLANG_WARN_OBJC_IMPLICIT_RETAIN_SELF = YES;
				CLANG_WARN_OBJC_LITERAL_CONVERSION = YES;
				CLANG_WARN_OBJC_ROOT_CLASS = YES_ERROR;
				CLANG_WARN_RANGE_LOOP_ANALYSIS = YES;
				CLANG_WARN_STRICT_PROTOTYPES = YES;
				CLANG_WARN_SUSPICIOUS_MOVE = YES;
				CLANG_WARN_UNGUARDED_AVAILABILITY = YES_AGGRESSIVE;
				CLANG_WARN_UNREACHABLE_CODE = YES;
				CLANG_WARN__DUPLICATE_METHOD_MATCH = YES;
				CODE_SIGN_IDENTITY = "Mac Developer";
				COPY_PHASE_STRIP = NO;
				DEBUG_INFORMATION_FORMAT = dwarf;
				ENABLE_STRICT_OBJC_MSGSEND = YES;
				ENABLE_TESTABILITY = YES;
				GCC_C_LANGUAGE_STANDARD = gnu11;
				GCC_DYNAMIC_NO_PIC = NO;
				GCC_NO_COMMON_BLOCKS = YES;
				GCC_OPTIMIZATION_LEVEL = 0;
				GCC_PREPROCESSOR_DEFINITIONS = (
					"DEBUG=1",
					"$(inherited)",
				);
				GCC_WARN_64_TO_32_BIT_CONVERSION = YES;
				GCC_WARN_ABOUT_RETURN_TYPE = YES_ERROR;
				GCC_WARN_UNDECLARED_SELECTOR = YES;
				GCC_WARN_UNINITIALIZED_AUTOS = YES_AGGRESSIVE;
				GCC_WARN_UNUSED_FUNCTION = YES;
				GCC_WARN_UNUSED_VARIABLE = YES;
				MACOSX_DEPLOYMENT_TARGET = 10.14;
				MTL_ENABLE_DEBUG_INFO = INCLUDE_SOURCE;
				MTL_FAST_MATH = YES;
				ONLY_ACTIVE_ARCH = YES;
				SDKROOT = macosx;
			};
			name = Debug;
		};
		923F7B382238F20900AA100C /* Release */ = {
			isa = XCBuildConfiguration;
			buildSettings = {
				ALWAYS_SEARCH_USER_PATHS = NO;
				CLANG_ANALYZER_NONNULL = YES;
				CLANG_ANALYZER_NUMBER_OBJECT_CONVERSION = YES_AGGRESSIVE;
				CLANG_CXX_LANGUAGE_STANDARD = "gnu++14";
				CLANG_CXX_LIBRARY = "libc++";
				CLANG_ENABLE_MODULES = YES;
				CLANG_ENABLE_OBJC_ARC = YES;
				CLANG_ENABLE_OBJC_WEAK = YES;
				CLANG_WARN_BLOCK_CAPTURE_AUTORELEASING = YES;
				CLANG_WARN_BOOL_CONVERSION = YES;
				CLANG_WARN_COMMA = YES;
				CLANG_WARN_CONSTANT_CONVERSION = YES;
				CLANG_WARN_DEPRECATED_OBJC_IMPLEMENTATIONS = YES;
				CLANG_WARN_DIRECT_OBJC_ISA_USAGE = YES_ERROR;
				CLANG_WARN_DOCUMENTATION_COMMENTS = YES;
				CLANG_WARN_EMPTY_BODY = YES;
				CLANG_WARN_ENUM_CONVERSION = YES;
				CLANG_WARN_INFINITE_RECURSION = YES;
				CLANG_WARN_INT_CONVERSION = YES;
				CLANG_WARN_NON_LITERAL_NULL_CONVERSION = YES;
				CLANG_WARN_OBJC_IMPLICIT_RETAIN_SELF = YES;
				CLANG_WARN_OBJC_LITERAL_CONVERSION = YES;
				CLANG_WARN_OBJC_ROOT_CLASS = YES_ERROR;
				CLANG_WARN_RANGE_LOOP_ANALYSIS = YES;
				CLANG_WARN_STRICT_PROTOTYPES = YES;
				CLANG_WARN_SUSPICIOUS_MOVE = YES;
				CLANG_WARN_UNGUARDED_AVAILABILITY = YES_AGGRESSIVE;
				CLANG_WARN_UNREACHABLE_CODE = YES;
				CLANG_WARN__DUPLICATE_METHOD_MATCH = YES;
				CODE_SIGN_IDENTITY = "Mac Developer";
				COPY_PHASE_STRIP = NO;
				DEBUG_INFORMATION_FORMAT = "dwarf-with-dsym";
				ENABLE_NS_ASSERTIONS = NO;
				ENABLE_STRICT_OBJC_MSGSEND = YES;
				GCC_C_LANGUAGE_STANDARD = gnu11;
				GCC_NO_COMMON_BLOCKS = YES;
				GCC_WARN_64_TO_32_BIT_CONVERSION = YES;
				GCC_WARN_ABOUT_RETURN_TYPE = YES_ERROR;
				GCC_WARN_UNDECLARED_SELECTOR = YES;
				GCC_WARN_UNINITIALIZED_AUTOS = YES_AGGRESSIVE;
				GCC_WARN_UNUSED_FUNCTION = YES;
				GCC_WARN_UNUSED_VARIABLE = YES;
				MACOSX_DEPLOYMENT_TARGET = 10.14;
				MTL_ENABLE_DEBUG_INFO = NO;
				MTL_FAST_MATH = YES;
				SDKROOT = macosx;
			};
			name = Release;
		};
		923F7B3A2238F20900AA100C /* Debug */ = {
			isa = XCBuildConfiguration;
			buildSettings = {
				CODE_SIGN_STYLE = Automatic;
				DEVELOPMENT_TEAM = 43YJ58H38Q;
				FRAMEWORK_SEARCH_PATHS = "";
				HEADER_SEARCH_PATHS = "";
				PRODUCT_NAME = "$(TARGET_NAME)";
			};
			name = Debug;
		};
		923F7B3B2238F20900AA100C /* Release */ = {
			isa = XCBuildConfiguration;
			buildSettings = {
				CODE_SIGN_STYLE = Automatic;
				DEVELOPMENT_TEAM = 43YJ58H38Q;
				FRAMEWORK_SEARCH_PATHS = "";
				HEADER_SEARCH_PATHS = "";
				PRODUCT_NAME = "$(TARGET_NAME)";
			};
			name = Release;
		};
/* End XCBuildConfiguration section */

/* Begin XCConfigurationList section */
		923F7B2D2238F20900AA100C /* Build configuration list for PBXProject "Tetris" */ = {
			isa = XCConfigurationList;
			buildConfigurations = (
				923F7B372238F20900AA100C /* Debug */,
				923F7B382238F20900AA100C /* Release */,
			);
			defaultConfigurationIsVisible = 0;
			defaultConfigurationName = Release;
		};
		923F7B392238F20900AA100C /* Build configuration list for PBXNativeTarget "Tetris" */ = {
			isa = XCConfigurationList;
			buildConfigurations = (
				923F7B3A2238F20900AA100C /* Debug */,
				923F7B3B2238F20900AA100C /* Release */,
			);
			defaultConfigurationIsVisible = 0;
			defaultConfigurationName = Release;
		};
/* End XCConfigurationList section */
	};
	rootObject = 923F7B2A2238F20900AA100C /* Project object */;
}
