// !$*UTF8*$!
{
	archiveVersion = 1;
	classes = {
	};
	objectVersion = 50;
	objects = {

/* Begin PBXBuildFile section */
		921B26E4221517580024BE45 /* main.cpp in Sources */ = {isa = PBXBuildFile; fileRef = 921B26DF2215171F0024BE45 /* main.cpp */; };
		921B26E5221517580024BE45 /* xcom_var.cpp in Sources */ = {isa = PBXBuildFile; fileRef = 921B26E02215171F0024BE45 /* xcom_var.cpp */; };
		921B26E6221517580024BE45 /* xcom_var_type.cpp in Sources */ = {isa = PBXBuildFile; fileRef = 921B26E22215171F0024BE45 /* xcom_var_type.cpp */; };
		921B26E922154BA60024BE45 /* xcom_data.cpp in Sources */ = {isa = PBXBuildFile; fileRef = 921B26E722154BA60024BE45 /* xcom_data.cpp */; };
		921B26EC22154C840024BE45 /* xcom_data_func.cpp in Sources */ = {isa = PBXBuildFile; fileRef = 921B26EA22154C840024BE45 /* xcom_data_func.cpp */; };
		921B26EF22154CC60024BE45 /* xcom_var_value.cpp in Sources */ = {isa = PBXBuildFile; fileRef = 921B26ED22154CC60024BE45 /* xcom_var_value.cpp */; };
		923047E1223124800071CDD0 /* xcom_timer.cpp in Sources */ = {isa = PBXBuildFile; fileRef = 923047DF223124800071CDD0 /* xcom_timer.cpp */; };
		92784393222E886700AD40CB /* xcom_runloop.cpp in Sources */ = {isa = PBXBuildFile; fileRef = 92784392222E886700AD40CB /* xcom_runloop.cpp */; };
		92784399222E896500AD40CB /* xcom_varloop.cpp in Sources */ = {isa = PBXBuildFile; fileRef = 92784397222E896500AD40CB /* xcom_varloop.cpp */; };
		92AA5BB0221D28C2009FFE33 /* xcom_var_util.cpp in Sources */ = {isa = PBXBuildFile; fileRef = 92AA5BAE221D28C2009FFE33 /* xcom_var_util.cpp */; };
/* End PBXBuildFile section */

/* Begin PBXCopyFilesBuildPhase section */
		921B26B9221509A00024BE45 /* CopyFiles */ = {
			isa = PBXCopyFilesBuildPhase;
			buildActionMask = 2147483647;
			dstPath = /usr/share/man/man1/;
			dstSubfolderSpec = 0;
			files = (
			);
			runOnlyForDeploymentPostprocessing = 1;
		};
/* End PBXCopyFilesBuildPhase section */

/* Begin PBXFileReference section */
		921B26BB221509A00024BE45 /* xcom-var */ = {isa = PBXFileReference; explicitFileType = "compiled.mach-o.executable"; includeInIndex = 0; path = "xcom-var"; sourceTree = BUILT_PRODUCTS_DIR; };
		921B26DF2215171F0024BE45 /* main.cpp */ = {isa = PBXFileReference; lastKnownFileType = sourcecode.cpp.cpp; path = main.cpp; sourceTree = "<group>"; };
		921B26E02215171F0024BE45 /* xcom_var.cpp */ = {isa = PBXFileReference; lastKnownFileType = sourcecode.cpp.cpp; path = xcom_var.cpp; sourceTree = "<group>"; };
		921B26E12215171F0024BE45 /* xcom_var.h */ = {isa = PBXFileReference; lastKnownFileType = sourcecode.c.h; path = xcom_var.h; sourceTree = "<group>"; };
		921B26E22215171F0024BE45 /* xcom_var_type.cpp */ = {isa = PBXFileReference; lastKnownFileType = sourcecode.cpp.cpp; path = xcom_var_type.cpp; sourceTree = "<group>"; };
		921B26E32215171F0024BE45 /* xcom_var_type.h */ = {isa = PBXFileReference; lastKnownFileType = sourcecode.c.h; path = xcom_var_type.h; sourceTree = "<group>"; };
		921B26E722154BA60024BE45 /* xcom_data.cpp */ = {isa = PBXFileReference; lastKnownFileType = sourcecode.cpp.cpp; path = xcom_data.cpp; sourceTree = "<group>"; };
		921B26E822154BA60024BE45 /* xcom_data.h */ = {isa = PBXFileReference; lastKnownFileType = sourcecode.c.h; path = xcom_data.h; sourceTree = "<group>"; };
		921B26EA22154C840024BE45 /* xcom_data_func.cpp */ = {isa = PBXFileReference; lastKnownFileType = sourcecode.cpp.cpp; path = xcom_data_func.cpp; sourceTree = "<group>"; };
		921B26EB22154C840024BE45 /* xcom_data_func.h */ = {isa = PBXFileReference; lastKnownFileType = sourcecode.c.h; path = xcom_data_func.h; sourceTree = "<group>"; };
		921B26ED22154CC60024BE45 /* xcom_var_value.cpp */ = {isa = PBXFileReference; lastKnownFileType = sourcecode.cpp.cpp; path = xcom_var_value.cpp; sourceTree = "<group>"; };
		921B26EE22154CC60024BE45 /* xcom_var_value.h */ = {isa = PBXFileReference; lastKnownFileType = sourcecode.c.h; path = xcom_var_value.h; sourceTree = "<group>"; };
		921B26F022154DF40024BE45 /* xcom_var_def.h */ = {isa = PBXFileReference; lastKnownFileType = sourcecode.c.h; path = xcom_var_def.h; sourceTree = "<group>"; };
		923047DF223124800071CDD0 /* xcom_timer.cpp */ = {isa = PBXFileReference; lastKnownFileType = sourcecode.cpp.cpp; path = xcom_timer.cpp; sourceTree = "<group>"; };
		923047E0223124800071CDD0 /* xcom_timer.h */ = {isa = PBXFileReference; lastKnownFileType = sourcecode.c.h; path = xcom_timer.h; sourceTree = "<group>"; };
		92784391222E886700AD40CB /* xcom_runloop.h */ = {isa = PBXFileReference; fileEncoding = 4; lastKnownFileType = sourcecode.c.h; path = xcom_runloop.h; sourceTree = "<group>"; };
		92784392222E886700AD40CB /* xcom_runloop.cpp */ = {isa = PBXFileReference; fileEncoding = 4; lastKnownFileType = sourcecode.cpp.cpp; path = xcom_runloop.cpp; sourceTree = "<group>"; };
		92784397222E896500AD40CB /* xcom_varloop.cpp */ = {isa = PBXFileReference; lastKnownFileType = sourcecode.cpp.cpp; path = xcom_varloop.cpp; sourceTree = "<group>"; };
		92784398222E896500AD40CB /* xcom_varloop.h */ = {isa = PBXFileReference; lastKnownFileType = sourcecode.c.h; path = xcom_varloop.h; sourceTree = "<group>"; };
		92AA5BAE221D28C2009FFE33 /* xcom_var_util.cpp */ = {isa = PBXFileReference; lastKnownFileType = sourcecode.cpp.cpp; path = xcom_var_util.cpp; sourceTree = "<group>"; };
		92AA5BAF221D28C2009FFE33 /* xcom_var_util.h */ = {isa = PBXFileReference; lastKnownFileType = sourcecode.c.h; path = xcom_var_util.h; sourceTree = "<group>"; };
		92AFEDD722200017007F349D /* test.strings */ = {isa = PBXFileReference; lastKnownFileType = text.plist.strings; path = test.strings; sourceTree = "<group>"; };
/* End PBXFileReference section */

/* Begin PBXFrameworksBuildPhase section */
		921B26B8221509A00024BE45 /* Frameworks */ = {
			isa = PBXFrameworksBuildPhase;
			buildActionMask = 2147483647;
			files = (
			);
			runOnlyForDeploymentPostprocessing = 0;
		};
/* End PBXFrameworksBuildPhase section */

/* Begin PBXGroup section */
		921B26B2221509A00024BE45 = {
			isa = PBXGroup;
			children = (
				92C02AAE222D58F3008A252B /* loop */,
				921B26DE2215171F0024BE45 /* xcom-var */,
				921B26BC221509A00024BE45 /* Products */,
			);
			sourceTree = "<group>";
		};
		921B26BC221509A00024BE45 /* Products */ = {
			isa = PBXGroup;
			children = (
				921B26BB221509A00024BE45 /* xcom-var */,
			);
			name = Products;
			sourceTree = "<group>";
		};
		921B26DE2215171F0024BE45 /* xcom-var */ = {
			isa = PBXGroup;
			children = (
				921B26DF2215171F0024BE45 /* main.cpp */,
				921B26E02215171F0024BE45 /* xcom_var.cpp */,
				921B26E12215171F0024BE45 /* xcom_var.h */,
				921B26E22215171F0024BE45 /* xcom_var_type.cpp */,
				921B26E32215171F0024BE45 /* xcom_var_type.h */,
				921B26E722154BA60024BE45 /* xcom_data.cpp */,
				921B26E822154BA60024BE45 /* xcom_data.h */,
				921B26EA22154C840024BE45 /* xcom_data_func.cpp */,
				921B26EB22154C840024BE45 /* xcom_data_func.h */,
				921B26ED22154CC60024BE45 /* xcom_var_value.cpp */,
				921B26EE22154CC60024BE45 /* xcom_var_value.h */,
				921B26F022154DF40024BE45 /* xcom_var_def.h */,
				92AA5BAE221D28C2009FFE33 /* xcom_var_util.cpp */,
				92AA5BAF221D28C2009FFE33 /* xcom_var_util.h */,
				92AFEDD722200017007F349D /* test.strings */,
			);
			path = "xcom-var";
			sourceTree = "<group>";
		};
		92C02AAE222D58F3008A252B /* loop */ = {
			isa = PBXGroup;
			children = (
				92784392222E886700AD40CB /* xcom_runloop.cpp */,
				92784391222E886700AD40CB /* xcom_runloop.h */,
				92784397222E896500AD40CB /* xcom_varloop.cpp */,
				92784398222E896500AD40CB /* xcom_varloop.h */,
				923047DF223124800071CDD0 /* xcom_timer.cpp */,
				923047E0223124800071CDD0 /* xcom_timer.h */,
			);
			path = loop;
			sourceTree = "<group>";
		};
/* End PBXGroup section */

/* Begin PBXNativeTarget section */
		921B26BA221509A00024BE45 /* xcom-var */ = {
			isa = PBXNativeTarget;
			buildConfigurationList = 921B26C2221509A00024BE45 /* Build configuration list for PBXNativeTarget "xcom-var" */;
			buildPhases = (
				921B26B7221509A00024BE45 /* Sources */,
				921B26B8221509A00024BE45 /* Frameworks */,
				921B26B9221509A00024BE45 /* CopyFiles */,
			);
			buildRules = (
			);
			dependencies = (
			);
			name = "xcom-var";
			productName = var;
			productReference = 921B26BB221509A00024BE45 /* xcom-var */;
			productType = "com.apple.product-type.tool";
		};
/* End PBXNativeTarget section */

/* Begin PBXProject section */
		921B26B3221509A00024BE45 /* Project object */ = {
			isa = PBXProject;
			attributes = {
				LastUpgradeCheck = 1010;
				ORGANIZATIONNAME = AlexiChen;
				TargetAttributes = {
					921B26BA221509A00024BE45 = {
						CreatedOnToolsVersion = 10.1;
					};
				};
			};
			buildConfigurationList = 921B26B6221509A00024BE45 /* Build configuration list for PBXProject "xcom-var" */;
			compatibilityVersion = "Xcode 9.3";
			developmentRegion = en;
			hasScannedForEncodings = 0;
			knownRegions = (
				en,
			);
			mainGroup = 921B26B2221509A00024BE45;
			productRefGroup = 921B26BC221509A00024BE45 /* Products */;
			projectDirPath = "";
			projectRoot = "";
			targets = (
				921B26BA221509A00024BE45 /* xcom-var */,
			);
		};
/* End PBXProject section */

/* Begin PBXSourcesBuildPhase section */
		921B26B7221509A00024BE45 /* Sources */ = {
			isa = PBXSourcesBuildPhase;
			buildActionMask = 2147483647;
			files = (
				923047E1223124800071CDD0 /* xcom_timer.cpp in Sources */,
				92784399222E896500AD40CB /* xcom_varloop.cpp in Sources */,
				921B26E6221517580024BE45 /* xcom_var_type.cpp in Sources */,
				921B26E5221517580024BE45 /* xcom_var.cpp in Sources */,
				92AA5BB0221D28C2009FFE33 /* xcom_var_util.cpp in Sources */,
				92784393222E886700AD40CB /* xcom_runloop.cpp in Sources */,
				921B26EF22154CC60024BE45 /* xcom_var_value.cpp in Sources */,
				921B26E922154BA60024BE45 /* xcom_data.cpp in Sources */,
				921B26EC22154C840024BE45 /* xcom_data_func.cpp in Sources */,
				921B26E4221517580024BE45 /* main.cpp in Sources */,
			);
			runOnlyForDeploymentPostprocessing = 0;
		};
/* End PBXSourcesBuildPhase section */

/* Begin XCBuildConfiguration section */
		921B26C0221509A00024BE45 /* Debug */ = {
			isa = XCBuildConfiguration;
			buildSettings = {
				ALWAYS_SEARCH_USER_PATHS = NO;
				CLANG_ANALYZER_NONNULL = YES;
				CLANG_ANALYZER_NUMBER_OBJECT_CONVERSION = YES_AGGRESSIVE;
				CLANG_CXX_LANGUAGE_STANDARD = "gnu++14";
				CLANG_CXX_LIBRARY = "libc++";
				CLANG_ENABLE_MODULES = YES;
				CLANG_ENABLE_OBJC_ARC = YES;
				CLANG_ENABLE_OBJC_WEAK = YES;
				CLANG_WARN_BLOCK_CAPTURE_AUTORELEASING = YES;
				CLANG_WARN_BOOL_CONVERSION = YES;
				CLANG_WARN_COMMA = YES;
				CLANG_WARN_CONSTANT_CONVERSION = YES;
				CLANG_WARN_DEPRECATED_OBJC_IMPLEMENTATIONS = YES;
				CLANG_WARN_DIRECT_OBJC_ISA_USAGE = YES_ERROR;
				CLANG_WARN_DOCUMENTATION_COMMENTS = YES;
				CLANG_WARN_EMPTY_BODY = YES;
				CLANG_WARN_ENUM_CONVERSION = YES;
				CLANG_WARN_INFINITE_RECURSION = YES;
				CLANG_WARN_INT_CONVERSION = YES;
				CLANG_WARN_NON_LITERAL_NULL_CONVERSION = YES;
				CLANG_WARN_OBJC_IMPLICIT_RETAIN_SELF = YES;
				CLANG_WARN_OBJC_LITERAL_CONVERSION = YES;
				CLANG_WARN_OBJC_ROOT_CLASS = YES_ERROR;
				CLANG_WARN_RANGE_LOOP_ANALYSIS = YES;
				CLANG_WARN_STRICT_PROTOTYPES = YES;
				CLANG_WARN_SUSPICIOUS_MOVE = YES;
				CLANG_WARN_UNGUARDED_AVAILABILITY = YES_AGGRESSIVE;
				CLANG_WARN_UNREACHABLE_CODE = YES;
				CLANG_WARN__DUPLICATE_METHOD_MATCH = YES;
				CODE_SIGN_IDENTITY = "Mac Developer";
				COPY_PHASE_STRIP = NO;
				DEBUG_INFORMATION_FORMAT = dwarf;
				ENABLE_STRICT_OBJC_MSGSEND = YES;
				ENABLE_TESTABILITY = YES;
				GCC_C_LANGUAGE_STANDARD = gnu11;
				GCC_DYNAMIC_NO_PIC = NO;
				GCC_NO_COMMON_BLOCKS = YES;
				GCC_OPTIMIZATION_LEVEL = 0;
				GCC_PREPROCESSOR_DEFINITIONS = (
					"DEBUG=1",
					"$(inherited)",
				);
				GCC_WARN_64_TO_32_BIT_CONVERSION = YES;
				GCC_WARN_ABOUT_RETURN_TYPE = YES_ERROR;
				GCC_WARN_UNDECLARED_SELECTOR = YES;
				GCC_WARN_UNINITIALIZED_AUTOS = YES_AGGRESSIVE;
				GCC_WARN_UNUSED_FUNCTION = YES;
				GCC_WARN_UNUSED_VARIABLE = YES;
				MACOSX_DEPLOYMENT_TARGET = 10.13;
				MTL_ENABLE_DEBUG_INFO = INCLUDE_SOURCE;
				MTL_FAST_MATH = YES;
				ONLY_ACTIVE_ARCH = YES;
				SDKROOT = macosx;
			};
			name = Debug;
		};
		921B26C1221509A00024BE45 /* Release */ = {
			isa = XCBuildConfiguration;
			buildSettings = {
				ALWAYS_SEARCH_USER_PATHS = NO;
				CLANG_ANALYZER_NONNULL = YES;
				CLANG_ANALYZER_NUMBER_OBJECT_CONVERSION = YES_AGGRESSIVE;
				CLANG_CXX_LANGUAGE_STANDARD = "gnu++14";
				CLANG_CXX_LIBRARY = "libc++";
				CLANG_ENABLE_MODULES = YES;
				CLANG_ENABLE_OBJC_ARC = YES;
				CLANG_ENABLE_OBJC_WEAK = YES;
				CLANG_WARN_BLOCK_CAPTURE_AUTORELEASING = YES;
				CLANG_WARN_BOOL_CONVERSION = YES;
				CLANG_WARN_COMMA = YES;
				CLANG_WARN_CONSTANT_CONVERSION = YES;
				CLANG_WARN_DEPRECATED_OBJC_IMPLEMENTATIONS = YES;
				CLANG_WARN_DIRECT_OBJC_ISA_USAGE = YES_ERROR;
				CLANG_WARN_DOCUMENTATION_COMMENTS = YES;
				CLANG_WARN_EMPTY_BODY = YES;
				CLANG_WARN_ENUM_CONVERSION = YES;
				CLANG_WARN_INFINITE_RECURSION = YES;
				CLANG_WARN_INT_CONVERSION = YES;
				CLANG_WARN_NON_LITERAL_NULL_CONVERSION = YES;
				CLANG_WARN_OBJC_IMPLICIT_RETAIN_SELF = YES;
				CLANG_WARN_OBJC_LITERAL_CONVERSION = YES;
				CLANG_WARN_OBJC_ROOT_CLASS = YES_ERROR;
				CLANG_WARN_RANGE_LOOP_ANALYSIS = YES;
				CLANG_WARN_STRICT_PROTOTYPES = YES;
				CLANG_WARN_SUSPICIOUS_MOVE = YES;
				CLANG_WARN_UNGUARDED_AVAILABILITY = YES_AGGRESSIVE;
				CLANG_WARN_UNREACHABLE_CODE = YES;
				CLANG_WARN__DUPLICATE_METHOD_MATCH = YES;
				CODE_SIGN_IDENTITY = "Mac Developer";
				COPY_PHASE_STRIP = NO;
				DEBUG_INFORMATION_FORMAT = "dwarf-with-dsym";
				ENABLE_NS_ASSERTIONS = NO;
				ENABLE_STRICT_OBJC_MSGSEND = YES;
				GCC_C_LANGUAGE_STANDARD = gnu11;
				GCC_NO_COMMON_BLOCKS = YES;
				GCC_WARN_64_TO_32_BIT_CONVERSION = YES;
				GCC_WARN_ABOUT_RETURN_TYPE = YES_ERROR;
				GCC_WARN_UNDECLARED_SELECTOR = YES;
				GCC_WARN_UNINITIALIZED_AUTOS = YES_AGGRESSIVE;
				GCC_WARN_UNUSED_FUNCTION = YES;
				GCC_WARN_UNUSED_VARIABLE = YES;
				MACOSX_DEPLOYMENT_TARGET = 10.13;
				MTL_ENABLE_DEBUG_INFO = NO;
				MTL_FAST_MATH = YES;
				SDKROOT = macosx;
			};
			name = Release;
		};
		921B26C3221509A00024BE45 /* Debug */ = {
			isa = XCBuildConfiguration;
			buildSettings = {
				CODE_SIGN_STYLE = Automatic;
				DEVELOPMENT_TEAM = 43YJ58H38Q;
				PRODUCT_NAME = "$(TARGET_NAME)";
			};
			name = Debug;
		};
		921B26C4221509A00024BE45 /* Release */ = {
			isa = XCBuildConfiguration;
			buildSettings = {
				CODE_SIGN_STYLE = Automatic;
				DEVELOPMENT_TEAM = 43YJ58H38Q;
				GCC_OPTIMIZATION_LEVEL = s;
				PRODUCT_NAME = "$(TARGET_NAME)";
			};
			name = Release;
		};
/* End XCBuildConfiguration section */

/* Begin XCConfigurationList section */
		921B26B6221509A00024BE45 /* Build configuration list for PBXProject "xcom-var" */ = {
			isa = XCConfigurationList;
			buildConfigurations = (
				921B26C0221509A00024BE45 /* Debug */,
				921B26C1221509A00024BE45 /* Release */,
			);
			defaultConfigurationIsVisible = 0;
			defaultConfigurationName = Release;
		};
		921B26C2221509A00024BE45 /* Build configuration list for PBXNativeTarget "xcom-var" */ = {
			isa = XCConfigurationList;
			buildConfigurations = (
				921B26C3221509A00024BE45 /* Debug */,
				921B26C4221509A00024BE45 /* Release */,
			);
			defaultConfigurationIsVisible = 0;
			defaultConfigurationName = Release;
		};
/* End XCConfigurationList section */
	};
	rootObject = 921B26B3221509A00024BE45 /* Project object */;
}
